
Microsoft Visual Studio Solution File, Format Version 12.00
# Visual Studio 14
VisualStudioVersion = 14.0.24720.0
MinimumVisualStudioVersion = 10.0.40219.1
Project("{8BC9CEB8-8B4A-11D0-8D11-00A0C91BC942}") = "calc", "..\calc\calc.vcxproj", "{0C71127D-ED9F-4591-9B9B-5630DBEF8BEE}"
EndProject
Project("{8BC9CEB8-8B4A-11D0-8D11-00A0C91BC942}") = "rpcalc", "..\rpcalc\rpcalc.vcxproj", "{E7C04853-7EC9-4987-A659-3527B57F6607}"
EndProject
Project("{8BC9CEB8-8B4A-11D0-8D11-00A0C91BC942}") = "calc2", "..\calc2\calc2.vcxproj", "{C6B58681-F41A-4EFB-A9C8-2775E09D2058}"
EndProject
Project("{8BC9CEB8-8B4A-11D0-8D11-00A0C91BC942}") = "ltcalc", "..\ltcalc\ltcalc.vcxproj", "{CA47762D-4DB8-4B4C-9D2C-80749EC53A06}"
EndProject
Project("{8BC9CEB8-8B4A-11D0-8D11-00A0C91BC942}") = "mfcalc", "..\mfcalc\mfcalc.vcxproj", "{030BAFBF-E807-4873-B50D-AAE4164FA5B9}"
EndProject
Project("{8BC9CEB8-8B4A-11D0-8D11-00A0C91BC942}") = "clang", "..\clang\clang.vcxproj", "{BD1A1445-BA8E-414A-8FDA-7ABC4D23518B}"
EndProject
Project("{8BC9CEB8-8B4A-11D0-8D11-00A0C91BC942}") = "calc3", "..\calc3\calc3.vcxproj", "{CEC1D03E-7778-41E8-8C58-8549AC73F330}"
EndProject
Global
	GlobalSection(SolutionConfigurationPlatforms) = preSolution
		Debug|x64 = Debug|x64
		Debug|x86 = Debug|x86
		Release|x64 = Release|x64
		Release|x86 = Release|x86
	EndGlobalSection
	GlobalSection(ProjectConfigurationPlatforms) = postSolution
		{0C71127D-ED9F-4591-9B9B-5630DBEF8BEE}.Debug|x64.ActiveCfg = Debug|x64
		{0C71127D-ED9F-4591-9B9B-5630DBEF8BEE}.Debug|x64.Build.0 = Debug|x64
		{0C71127D-ED9F-4591-9B9B-5630DBEF8BEE}.Debug|x86.ActiveCfg = Debug|Win32
		{0C71127D-ED9F-4591-9B9B-5630DBEF8BEE}.Debug|x86.Build.0 = Debug|Win32
		{0C71127D-ED9F-4591-9B9B-5630DBEF8BEE}.Release|x64.ActiveCfg = Release|x64
		{0C71127D-ED9F-4591-9B9B-5630DBEF8BEE}.Release|x64.Build.0 = Release|x64
		{0C71127D-ED9F-4591-9B9B-5630DBEF8BEE}.Release|x86.ActiveCfg = Release|Win32
		{0C71127D-ED9F-4591-9B9B-5630DBEF8BEE}.Release|x86.Build.0 = Release|Win32
		{E7C04853-7EC9-4987-A659-3527B57F6607}.Debug|x64.ActiveCfg = Debug|x64
		{E7C04853-7EC9-4987-A659-3527B57F6607}.Debug|x64.Build.0 = Debug|x64
		{E7C04853-7EC9-4987-A659-3527B57F6607}.Debug|x86.ActiveCfg = Debug|Win32
		{E7C04853-7EC9-4987-A659-3527B57F6607}.Debug|x86.Build.0 = Debug|Win32
		{E7C04853-7EC9-4987-A659-3527B57F6607}.Release|x64.ActiveCfg = Release|x64
		{E7C04853-7EC9-4987-A659-3527B57F6607}.Release|x64.Build.0 = Release|x64
		{E7C04853-7EC9-4987-A659-3527B57F6607}.Release|x86.ActiveCfg = Release|Win32
		{E7C04853-7EC9-4987-A659-3527B57F6607}.Release|x86.Build.0 = Release|Win32
		{C6B58681-F41A-4EFB-A9C8-2775E09D2058}.Debug|x64.ActiveCfg = Debug|x64
		{C6B58681-F41A-4EFB-A9C8-2775E09D2058}.Debug|x64.Build.0 = Debug|x64
		{C6B58681-F41A-4EFB-A9C8-2775E09D2058}.Debug|x86.ActiveCfg = Debug|Win32
		{C6B58681-F41A-4EFB-A9C8-2775E09D2058}.Debug|x86.Build.0 = Debug|Win32
		{C6B58681-F41A-4EFB-A9C8-2775E09D2058}.Release|x64.ActiveCfg = Release|x64
		{C6B58681-F41A-4EFB-A9C8-2775E09D2058}.Release|x64.Build.0 = Release|x64
		{C6B58681-F41A-4EFB-A9C8-2775E09D2058}.Release|x86.ActiveCfg = Release|Win32
		{C6B58681-F41A-4EFB-A9C8-2775E09D2058}.Release|x86.Build.0 = Release|Win32
		{CA47762D-4DB8-4B4C-9D2C-80749EC53A06}.Debug|x64.ActiveCfg = Debug|x64
		{CA47762D-4DB8-4B4C-9D2C-80749EC53A06}.Debug|x64.Build.0 = Debug|x64
		{CA47762D-4DB8-4B4C-9D2C-80749EC53A06}.Debug|x86.ActiveCfg = Debug|Win32
		{CA47762D-4DB8-4B4C-9D2C-80749EC53A06}.Debug|x86.Build.0 = Debug|Win32
		{CA47762D-4DB8-4B4C-9D2C-80749EC53A06}.Release|x64.ActiveCfg = Release|x64
		{CA47762D-4DB8-4B4C-9D2C-80749EC53A06}.Release|x64.Build.0 = Release|x64
		{CA47762D-4DB8-4B4C-9D2C-80749EC53A06}.Release|x86.ActiveCfg = Release|Win32
		{CA47762D-4DB8-4B4C-9D2C-80749EC53A06}.Release|x86.Build.0 = Release|Win32
		{030BAFBF-E807-4873-B50D-AAE4164FA5B9}.Debug|x64.ActiveCfg = Debug|x64
		{030BAFBF-E807-4873-B50D-AAE4164FA5B9}.Debug|x64.Build.0 = Debug|x64
		{030BAFBF-E807-4873-B50D-AAE4164FA5B9}.Debug|x86.ActiveCfg = Debug|Win32
		{030BAFBF-E807-4873-B50D-AAE4164FA5B9}.Debug|x86.Build.0 = Debug|Win32
		{030BAFBF-E807-4873-B50D-AAE4164FA5B9}.Release|x64.ActiveCfg = Release|x64
		{030BAFBF-E807-4873-B50D-AAE4164FA5B9}.Release|x64.Build.0 = Release|x64
		{030BAFBF-E807-4873-B50D-AAE4164FA5B9}.Release|x86.ActiveCfg = Release|Win32
		{030BAFBF-E807-4873-B50D-AAE4164FA5B9}.Release|x86.Build.0 = Release|Win32
		{BD1A1445-BA8E-414A-8FDA-7ABC4D23518B}.Debug|x64.ActiveCfg = Debug|x64
		{BD1A1445-BA8E-414A-8FDA-7ABC4D23518B}.Debug|x64.Build.0 = Debug|x64
		{BD1A1445-BA8E-414A-8FDA-7ABC4D23518B}.Debug|x86.ActiveCfg = Debug|Win32
		{BD1A1445-BA8E-414A-8FDA-7ABC4D23518B}.Debug|x86.Build.0 = Debug|Win32
		{BD1A1445-BA8E-414A-8FDA-7ABC4D23518B}.Release|x64.ActiveCfg = Release|x64
		{BD1A1445-BA8E-414A-8FDA-7ABC4D23518B}.Release|x64.Build.0 = Release|x64
		{BD1A1445-BA8E-414A-8FDA-7ABC4D23518B}.Release|x86.ActiveCfg = Release|Win32
		{BD1A1445-BA8E-414A-8FDA-7ABC4D23518B}.Release|x86.Build.0 = Release|Win32
		{CEC1D03E-7778-41E8-8C58-8549AC73F330}.Debug|x64.ActiveCfg = Debug|x64
		{CEC1D03E-7778-41E8-8C58-8549AC73F330}.Debug|x64.Build.0 = Debug|x64
		{CEC1D03E-7778-41E8-8C58-8549AC73F330}.Debug|x86.ActiveCfg = Debug|Win32
		{CEC1D03E-7778-41E8-8C58-8549AC73F330}.Debug|x86.Build.0 = Debug|Win32
		{CEC1D03E-7778-41E8-8C58-8549AC73F330}.Release|x64.ActiveCfg = Release|x64
		{CEC1D03E-7778-41E8-8C58-8549AC73F330}.Release|x64.Build.0 = Release|x64
		{CEC1D03E-7778-41E8-8C58-8549AC73F330}.Release|x86.ActiveCfg = Release|Win32
		{CEC1D03E-7778-41E8-8C58-8549AC73F330}.Release|x86.Build.0 = Release|Win32
	EndGlobalSection
	GlobalSection(SolutionProperties) = preSolution
		HideSolutionNode = FALSE
	EndGlobalSection
EndGlobal
